
Microsoft Visual Studio Solution File, Format Version 12.00
# Visual Studio 15
VisualStudioVersion = 15.0.27703.2026
MinimumVisualStudioVersion = 10.0.40219.1
Project("{8BC9CEB8-8B4A-11D0-8D11-00A0C91BC942}") = "20180914hello", "20180914hello\20180914hello.vcxproj", "{C3FB9D8A-76D7-4356-8F8C-807CC9E64C4D}"
EndProject
Project("{8BC9CEB8-8B4A-11D0-8D11-00A0C91BC942}") = "20180914start", "20180914start\20180914start.vcxproj", "{A8EA8A34-C92B-4DEE-9B99-B86885508CA5}"
EndProject
Project("{8BC9CEB8-8B4A-11D0-8D11-00A0C91BC942}") = "20180921functioncall", "20180921functioncall\20180921functioncall.vcxproj", "{049CD172-07A6-4C6A-B02F-7E06097B9044}"
EndProject
Project("{8BC9CEB8-8B4A-11D0-8D11-00A0C91BC942}") = "20180921hw1", "20180921hw1\20180921hw1.vcxproj", "{B8603958-FA43-4D0A-8C4B-A54E81A39B5E}"
EndProject
Project("{8BC9CEB8-8B4A-11D0-8D11-00A0C91BC942}") = "20181005pointer", "20181005pointer\20181005pointer.vcxproj", "{72F97D38-6633-46F0-B6C5-D6D9723502D3}"
EndProject
Project("{8BC9CEB8-8B4A-11D0-8D11-00A0C91BC942}") = "20181005pointerstruct", "20181005pointerstruct\20181005pointerstruct.vcxproj", "{50370A03-4F9E-4A0C-B1EC-91B15142ECF9}"
EndProject
Project("{8BC9CEB8-8B4A-11D0-8D11-00A0C91BC942}") = "20181005linkedlist", "20181005linkedlist\20181005linkedlist.vcxproj", "{DE8D808C-A36F-4B21-B4FB-0094BF053FF4}"
EndProject
Project("{8BC9CEB8-8B4A-11D0-8D11-00A0C91BC942}") = "20181019_thread", "20181019_thread\20181019_thread.vcxproj", "{1C6CF783-B6FE-40EA-A899-1027F2094C04}"
EndProject
Project("{8BC9CEB8-8B4A-11D0-8D11-00A0C91BC942}") = "20181019functionpointer", "20181019functionpointer\20181019functionpointer.vcxproj", "{A6FE73F9-A5E0-4122-8A2B-1DA4BBD63EB2}"
EndProject
Global
	GlobalSection(SolutionConfigurationPlatforms) = preSolution
		Debug|x64 = Debug|x64
		Debug|x86 = Debug|x86
		Release|x64 = Release|x64
		Release|x86 = Release|x86
	EndGlobalSection
	GlobalSection(ProjectConfigurationPlatforms) = postSolution
		{C3FB9D8A-76D7-4356-8F8C-807CC9E64C4D}.Debug|x64.ActiveCfg = Debug|x64
		{C3FB9D8A-76D7-4356-8F8C-807CC9E64C4D}.Debug|x64.Build.0 = Debug|x64
		{C3FB9D8A-76D7-4356-8F8C-807CC9E64C4D}.Debug|x86.ActiveCfg = Debug|Win32
		{C3FB9D8A-76D7-4356-8F8C-807CC9E64C4D}.Debug|x86.Build.0 = Debug|Win32
		{C3FB9D8A-76D7-4356-8F8C-807CC9E64C4D}.Release|x64.ActiveCfg = Release|x64
		{C3FB9D8A-76D7-4356-8F8C-807CC9E64C4D}.Release|x64.Build.0 = Release|x64
		{C3FB9D8A-76D7-4356-8F8C-807CC9E64C4D}.Release|x86.ActiveCfg = Release|Win32
		{C3FB9D8A-76D7-4356-8F8C-807CC9E64C4D}.Release|x86.Build.0 = Release|Win32
		{A8EA8A34-C92B-4DEE-9B99-B86885508CA5}.Debug|x64.ActiveCfg = Debug|x64
		{A8EA8A34-C92B-4DEE-9B99-B86885508CA5}.Debug|x64.Build.0 = Debug|x64
		{A8EA8A34-C92B-4DEE-9B99-B86885508CA5}.Debug|x86.ActiveCfg = Debug|Win32
		{A8EA8A34-C92B-4DEE-9B99-B86885508CA5}.Debug|x86.Build.0 = Debug|Win32
		{A8EA8A34-C92B-4DEE-9B99-B86885508CA5}.Release|x64.ActiveCfg = Release|x64
		{A8EA8A34-C92B-4DEE-9B99-B86885508CA5}.Release|x64.Build.0 = Release|x64
		{A8EA8A34-C92B-4DEE-9B99-B86885508CA5}.Release|x86.ActiveCfg = Release|Win32
		{A8EA8A34-C92B-4DEE-9B99-B86885508CA5}.Release|x86.Build.0 = Release|Win32
		{049CD172-07A6-4C6A-B02F-7E06097B9044}.Debug|x64.ActiveCfg = Debug|x64
		{049CD172-07A6-4C6A-B02F-7E06097B9044}.Debug|x64.Build.0 = Debug|x64
		{049CD172-07A6-4C6A-B02F-7E06097B9044}.Debug|x86.ActiveCfg = Debug|Win32
		{049CD172-07A6-4C6A-B02F-7E06097B9044}.Debug|x86.Build.0 = Debug|Win32
		{049CD172-07A6-4C6A-B02F-7E06097B9044}.Release|x64.ActiveCfg = Release|x64
		{049CD172-07A6-4C6A-B02F-7E06097B9044}.Release|x64.Build.0 = Release|x64
		{049CD172-07A6-4C6A-B02F-7E06097B9044}.Release|x86.ActiveCfg = Release|Win32
		{049CD172-07A6-4C6A-B02F-7E06097B9044}.Release|x86.Build.0 = Release|Win32
		{B8603958-FA43-4D0A-8C4B-A54E81A39B5E}.Debug|x64.ActiveCfg = Debug|x64
		{B8603958-FA43-4D0A-8C4B-A54E81A39B5E}.Debug|x64.Build.0 = Debug|x64
		{B8603958-FA43-4D0A-8C4B-A54E81A39B5E}.Debug|x86.ActiveCfg = Debug|Win32
		{B8603958-FA43-4D0A-8C4B-A54E81A39B5E}.Debug|x86.Build.0 = Debug|Win32
		{B8603958-FA43-4D0A-8C4B-A54E81A39B5E}.Release|x64.ActiveCfg = Release|x64
		{B8603958-FA43-4D0A-8C4B-A54E81A39B5E}.Release|x64.Build.0 = Release|x64
		{B8603958-FA43-4D0A-8C4B-A54E81A39B5E}.Release|x86.ActiveCfg = Release|Win32
		{B8603958-FA43-4D0A-8C4B-A54E81A39B5E}.Release|x86.Build.0 = Release|Win32
		{72F97D38-6633-46F0-B6C5-D6D9723502D3}.Debug|x64.ActiveCfg = Debug|x64
		{72F97D38-6633-46F0-B6C5-D6D9723502D3}.Debug|x64.Build.0 = Debug|x64
		{72F97D38-6633-46F0-B6C5-D6D9723502D3}.Debug|x86.ActiveCfg = Debug|Win32
		{72F97D38-6633-46F0-B6C5-D6D9723502D3}.Debug|x86.Build.0 = Debug|Win32
		{72F97D38-6633-46F0-B6C5-D6D9723502D3}.Release|x64.ActiveCfg = Release|x64
		{72F97D38-6633-46F0-B6C5-D6D9723502D3}.Release|x64.Build.0 = Release|x64
		{72F97D38-6633-46F0-B6C5-D6D9723502D3}.Release|x86.ActiveCfg = Release|Win32
		{72F97D38-6633-46F0-B6C5-D6D9723502D3}.Release|x86.Build.0 = Release|Win32
		{50370A03-4F9E-4A0C-B1EC-91B15142ECF9}.Debug|x64.ActiveCfg = Debug|x64
		{50370A03-4F9E-4A0C-B1EC-91B15142ECF9}.Debug|x64.Build.0 = Debug|x64
		{50370A03-4F9E-4A0C-B1EC-91B15142ECF9}.Debug|x86.ActiveCfg = Debug|Win32
		{50370A03-4F9E-4A0C-B1EC-91B15142ECF9}.Debug|x86.Build.0 = Debug|Win32
		{50370A03-4F9E-4A0C-B1EC-91B15142ECF9}.Release|x64.ActiveCfg = Release|x64
		{50370A03-4F9E-4A0C-B1EC-91B15142ECF9}.Release|x64.Build.0 = Release|x64
		{50370A03-4F9E-4A0C-B1EC-91B15142ECF9}.Release|x86.ActiveCfg = Release|Win32
		{50370A03-4F9E-4A0C-B1EC-91B15142ECF9}.Release|x86.Build.0 = Release|Win32
		{DE8D808C-A36F-4B21-B4FB-0094BF053FF4}.Debug|x64.ActiveCfg = Debug|x64
		{DE8D808C-A36F-4B21-B4FB-0094BF053FF4}.Debug|x64.Build.0 = Debug|x64
		{DE8D808C-A36F-4B21-B4FB-0094BF053FF4}.Debug|x86.ActiveCfg = Debug|Win32
		{DE8D808C-A36F-4B21-B4FB-0094BF053FF4}.Debug|x86.Build.0 = Debug|Win32
		{DE8D808C-A36F-4B21-B4FB-0094BF053FF4}.Release|x64.ActiveCfg = Release|x64
		{DE8D808C-A36F-4B21-B4FB-0094BF053FF4}.Release|x64.Build.0 = Release|x64
		{DE8D808C-A36F-4B21-B4FB-0094BF053FF4}.Release|x86.ActiveCfg = Release|Win32
		{DE8D808C-A36F-4B21-B4FB-0094BF053FF4}.Release|x86.Build.0 = Release|Win32
		{1C6CF783-B6FE-40EA-A899-1027F2094C04}.Debug|x64.ActiveCfg = Debug|x64
		{1C6CF783-B6FE-40EA-A899-1027F2094C04}.Debug|x64.Build.0 = Debug|x64
		{1C6CF783-B6FE-40EA-A899-1027F2094C04}.Debug|x86.ActiveCfg = Debug|Win32
		{1C6CF783-B6FE-40EA-A899-1027F2094C04}.Debug|x86.Build.0 = Debug|Win32
		{1C6CF783-B6FE-40EA-A899-1027F2094C04}.Release|x64.ActiveCfg = Release|x64
		{1C6CF783-B6FE-40EA-A899-1027F2094C04}.Release|x64.Build.0 = Release|x64
		{1C6CF783-B6FE-40EA-A899-1027F2094C04}.Release|x86.ActiveCfg = Release|Win32
		{1C6CF783-B6FE-40EA-A899-1027F2094C04}.Release|x86.Build.0 = Release|Win32
		{A6FE73F9-A5E0-4122-8A2B-1DA4BBD63EB2}.Debug|x64.ActiveCfg = Debug|x64
		{A6FE73F9-A5E0-4122-8A2B-1DA4BBD63EB2}.Debug|x64.Build.0 = Debug|x64
		{A6FE73F9-A5E0-4122-8A2B-1DA4BBD63EB2}.Debug|x86.ActiveCfg = Debug|Win32
		{A6FE73F9-A5E0-4122-8A2B-1DA4BBD63EB2}.Debug|x86.Build.0 = Debug|Win32
		{A6FE73F9-A5E0-4122-8A2B-1DA4BBD63EB2}.Release|x64.ActiveCfg = Release|x64
		{A6FE73F9-A5E0-4122-8A2B-1DA4BBD63EB2}.Release|x64.Build.0 = Release|x64
		{A6FE73F9-A5E0-4122-8A2B-1DA4BBD63EB2}.Release|x86.ActiveCfg = Release|Win32
		{A6FE73F9-A5E0-4122-8A2B-1DA4BBD63EB2}.Release|x86.Build.0 = Release|Win32
	EndGlobalSection
	GlobalSection(SolutionProperties) = preSolution
		HideSolutionNode = FALSE
	EndGlobalSection
	GlobalSection(ExtensibilityGlobals) = postSolution
		SolutionGuid = {8C3B56F6-3117-442F-93DC-3A4246BFD79A}
	EndGlobalSection
EndGlobal
